
Microsoft Visual Studio Solution File, Format Version 12.00
# Visual Studio Version 17
VisualStudioVersion = 17.13.36105.23 d17.13
MinimumVisualStudioVersion = 10.0.40219.1
Project("{FAE04EC0-301F-11D3-BF4B-00C04F79EFBC}") = "Displayvrbls", "Displayvrbls.csproj", "{4E87C56C-33FB-4B27-BBE0-0AB2513613CA}"
EndProject
Global
	GlobalSection(SolutionConfigurationPlatforms) = preSolution
		Debug|Any CPU = Debug|Any CPU
		Release|Any CPU = Release|Any CPU
	EndGlobalSection
	GlobalSection(ProjectConfigurationPlatforms) = postSolution
		{4E87C56C-33FB-4B27-BBE0-0AB2513613CA}.Debug|Any CPU.ActiveCfg = Debug|Any CPU
		{4E87C56C-33FB-4B27-BBE0-0AB2513613CA}.Debug|Any CPU.Build.0 = Debug|Any CPU
		{4E87C56C-33FB-4B27-BBE0-0AB2513613CA}.Release|Any CPU.ActiveCfg = Release|Any CPU
		{4E87C56C-33FB-4B27-BBE0-0AB2513613CA}.Release|Any CPU.Build.0 = Release|Any CPU
	EndGlobalSection
	GlobalSection(SolutionProperties) = preSolution
		HideSolutionNode = FALSE
	EndGlobalSection
	GlobalSection(ExtensibilityGlobals) = postSolution
		SolutionGuid = {EAD2DA60-5883-43EE-BE6C-882D89DFABCF}
	EndGlobalSection
EndGlobal
