Microsoft Visual Studio Solution File, Format Version 12.00
# Visual Studio Version 17
VisualStudioVersion = 17.5.2.0
MinimumVisualStudioVersion = 10.0.40219.1
Project("{FAE04EC0-301F-11D3-BF4B-00C04F79EFBC}") = "arithmetical", "arithmetical.csproj", "{9C1FCA0F-2F69-7682-FAA1-2091E58193C0}"
EndProject
Global
	GlobalSection(SolutionConfigurationPlatforms) = preSolution
		Debug|Any CPU = Debug|Any CPU
		Release|Any CPU = Release|Any CPU
	EndGlobalSection
	GlobalSection(ProjectConfigurationPlatforms) = postSolution
		{9C1FCA0F-2F69-7682-FAA1-2091E58193C0}.Debug|Any CPU.ActiveCfg = Debug|Any CPU
		{9C1FCA0F-2F69-7682-FAA1-2091E58193C0}.Debug|Any CPU.Build.0 = Debug|Any CPU
		{9C1FCA0F-2F69-7682-FAA1-2091E58193C0}.Release|Any CPU.ActiveCfg = Release|Any CPU
		{9C1FCA0F-2F69-7682-FAA1-2091E58193C0}.Release|Any CPU.Build.0 = Release|Any CPU
	EndGlobalSection
	GlobalSection(SolutionProperties) = preSolution
		HideSolutionNode = FALSE
	EndGlobalSection
	GlobalSection(ExtensibilityGlobals) = postSolution
		SolutionGuid = {0A1452C3-A2C5-49A6-853C-5AAFC951C541}
	EndGlobalSection
EndGlobal
